// !$*UTF8*$!
{
	archiveVersion = 1;
	classes = {
	};
	objectVersion = 77;
	objects = {

/* Begin PBXBuildFile section */
		EE85741A2CF242D100909E1A /* Alamofire in Frameworks */ = {isa = PBXBuildFile; productRef = EE8574192CF242D100909E1A /* Alamofire */; };
/* End PBXBuildFile section */

/* Begin PBXContainerItemProxy section */
		EE45623D2CDFC1F300C33920 /* PBXContainerItemProxy */ = {
			isa = PBXContainerItemProxy;
			containerPortal = EE4562242CDFC1F200C33920 /* Project object */;
			proxyType = 1;
			remoteGlobalIDString = EE45622B2CDFC1F200C33920;
			remoteInfo = AppAula3;
		};
		EE4562472CDFC1F300C33920 /* PBXContainerItemProxy */ = {
			isa = PBXContainerItemProxy;
			containerPortal = EE4562242CDFC1F200C33920 /* Project object */;
			proxyType = 1;
			remoteGlobalIDString = EE45622B2CDFC1F200C33920;
			remoteInfo = AppAula3;
		};
/* End PBXContainerItemProxy section */

/* Begin PBXFileReference section */
		EE45622C2CDFC1F200C33920 /* AppAula3.app */ = {isa = PBXFileReference; explicitFileType = wrapper.application; includeInIndex = 0; path = AppAula3.app; sourceTree = BUILT_PRODUCTS_DIR; };
		EE45623C2CDFC1F300C33920 /* AppAula3Tests.xctest */ = {isa = PBXFileReference; explicitFileType = wrapper.cfbundle; includeInIndex = 0; path = AppAula3Tests.xctest; sourceTree = BUILT_PRODUCTS_DIR; };
		EE4562462CDFC1F300C33920 /* AppAula3UITests.xctest */ = {isa = PBXFileReference; explicitFileType = wrapper.cfbundle; includeInIndex = 0; path = AppAula3UITests.xctest; sourceTree = BUILT_PRODUCTS_DIR; };
/* End PBXFileReference section */

/* Begin PBXFileSystemSynchronizedRootGroup section */
		EE45622E2CDFC1F200C33920 /* AppAula3 */ = {
			isa = PBXFileSystemSynchronizedRootGroup;
			path = AppAula3;
			sourceTree = "<group>";
		};
		EE45623F2CDFC1F300C33920 /* AppAula3Tests */ = {
			isa = PBXFileSystemSynchronizedRootGroup;
			path = AppAula3Tests;
			sourceTree = "<group>";
		};
		EE4562492CDFC1F300C33920 /* AppAula3UITests */ = {
			isa = PBXFileSystemSynchronizedRootGroup;
			path = AppAula3UITests;
			sourceTree = "<group>";
		};
/* End PBXFileSystemSynchronizedRootGroup section */

/* Begin PBXFrameworksBuildPhase section */
		EE4562292CDFC1F200C33920 /* Frameworks */ = {
			isa = PBXFrameworksBuildPhase;
			buildActionMask = 2147483647;
			files = (
				EE85741A2CF242D100909E1A /* Alamofire in Frameworks */,
			);
			runOnlyForDeploymentPostprocessing = 0;
		};
		EE4562392CDFC1F300C33920 /* Frameworks */ = {
			isa = PBXFrameworksBuildPhase;
			buildActionMask = 2147483647;
			files = (
			);
			runOnlyForDeploymentPostprocessing = 0;
		};
		EE4562432CDFC1F300C33920 /* Frameworks */ = {
			isa = PBXFrameworksBuildPhase;
			buildActionMask = 2147483647;
			files = (
			);
			runOnlyForDeploymentPostprocessing = 0;
		};
/* End PBXFrameworksBuildPhase section */

/* Begin PBXGroup section */
		EE4562232CDFC1F200C33920 = {
			isa = PBXGroup;
			children = (
				EE45622E2CDFC1F200C33920 /* AppAula3 */,
				EE45623F2CDFC1F300C33920 /* AppAula3Tests */,
				EE4562492CDFC1F300C33920 /* AppAula3UITests */,
				EE45622D2CDFC1F200C33920 /* Products */,
			);
			sourceTree = "<group>";
		};
		EE45622D2CDFC1F200C33920 /* Products */ = {
			isa = PBXGroup;
			children = (
				EE45622C2CDFC1F200C33920 /* AppAula3.app */,
				EE45623C2CDFC1F300C33920 /* AppAula3Tests.xctest */,
				EE4562462CDFC1F300C33920 /* AppAula3UITests.xctest */,
			);
			name = Products;
			sourceTree = "<group>";
		};
/* End PBXGroup section */

/* Begin PBXNativeTarget section */
		EE45622B2CDFC1F200C33920 /* AppAula3 */ = {
			isa = PBXNativeTarget;
			buildConfigurationList = EE4562502CDFC1F300C33920 /* Build configuration list for PBXNativeTarget "AppAula3" */;
			buildPhases = (
				EE4562282CDFC1F200C33920 /* Sources */,
				EE4562292CDFC1F200C33920 /* Frameworks */,
				EE45622A2CDFC1F200C33920 /* Resources */,
			);
			buildRules = (
			);
			dependencies = (
			);
			fileSystemSynchronizedGroups = (
				EE45622E2CDFC1F200C33920 /* AppAula3 */,
			);
			name = AppAula3;
			packageProductDependencies = (
				EE8574192CF242D100909E1A /* Alamofire */,
			);
			productName = AppAula3;
			productReference = EE45622C2CDFC1F200C33920 /* AppAula3.app */;
			productType = "com.apple.product-type.application";
		};
		EE45623B2CDFC1F300C33920 /* AppAula3Tests */ = {
			isa = PBXNativeTarget;
			buildConfigurationList = EE4562532CDFC1F300C33920 /* Build configuration list for PBXNativeTarget "AppAula3Tests" */;
			buildPhases = (
				EE4562382CDFC1F300C33920 /* Sources */,
				EE4562392CDFC1F300C33920 /* Frameworks */,
				EE45623A2CDFC1F300C33920 /* Resources */,
			);
			buildRules = (
			);
			dependencies = (
				EE45623E2CDFC1F300C33920 /* PBXTargetDependency */,
			);
			fileSystemSynchronizedGroups = (
				EE45623F2CDFC1F300C33920 /* AppAula3Tests */,
			);
			name = AppAula3Tests;
			packageProductDependencies = (
			);
			productName = AppAula3Tests;
			productReference = EE45623C2CDFC1F300C33920 /* AppAula3Tests.xctest */;
			productType = "com.apple.product-type.bundle.unit-test";
		};
		EE4562452CDFC1F300C33920 /* AppAula3UITests */ = {
			isa = PBXNativeTarget;
			buildConfigurationList = EE4562562CDFC1F300C33920 /* Build configuration list for PBXNativeTarget "AppAula3UITests" */;
			buildPhases = (
				EE4562422CDFC1F300C33920 /* Sources */,
				EE4562432CDFC1F300C33920 /* Frameworks */,
				EE4562442CDFC1F300C33920 /* Resources */,
			);
			buildRules = (
			);
			dependencies = (
				EE4562482CDFC1F300C33920 /* PBXTargetDependency */,
			);
			fileSystemSynchronizedGroups = (
				EE4562492CDFC1F300C33920 /* AppAula3UITests */,
			);
			name = AppAula3UITests;
			packageProductDependencies = (
			);
			productName = AppAula3UITests;
			productReference = EE4562462CDFC1F300C33920 /* AppAula3UITests.xctest */;
			productType = "com.apple.product-type.bundle.ui-testing";
		};
/* End PBXNativeTarget section */

/* Begin PBXProject section */
		EE4562242CDFC1F200C33920 /* Project object */ = {
			isa = PBXProject;
			attributes = {
				BuildIndependentTargetsInParallel = 1;
				LastSwiftUpdateCheck = 1610;
				LastUpgradeCheck = 1610;
				TargetAttributes = {
					EE45622B2CDFC1F200C33920 = {
						CreatedOnToolsVersion = 16.1;
					};
					EE45623B2CDFC1F300C33920 = {
						CreatedOnToolsVersion = 16.1;
						TestTargetID = EE45622B2CDFC1F200C33920;
					};
					EE4562452CDFC1F300C33920 = {
						CreatedOnToolsVersion = 16.1;
						TestTargetID = EE45622B2CDFC1F200C33920;
					};
				};
			};
			buildConfigurationList = EE4562272CDFC1F200C33920 /* Build configuration list for PBXProject "AppAula3" */;
			developmentRegion = en;
			hasScannedForEncodings = 0;
			knownRegions = (
				en,
				Base,
			);
			mainGroup = EE4562232CDFC1F200C33920;
			minimizedProjectReferenceProxies = 1;
			packageReferences = (
				EE8574182CF2421300909E1A /* XCRemoteSwiftPackageReference "Alamofire" */,
			);
			preferredProjectObjectVersion = 77;
			productRefGroup = EE45622D2CDFC1F200C33920 /* Products */;
			projectDirPath = "";
			projectRoot = "";
			targets = (
				EE45622B2CDFC1F200C33920 /* AppAula3 */,
				EE45623B2CDFC1F300C33920 /* AppAula3Tests */,
				EE4562452CDFC1F300C33920 /* AppAula3UITests */,
			);
		};
/* End PBXProject section */

/* Begin PBXResourcesBuildPhase section */
		EE45622A2CDFC1F200C33920 /* Resources */ = {
			isa = PBXResourcesBuildPhase;
			buildActionMask = 2147483647;
			files = (
			);
			runOnlyForDeploymentPostprocessing = 0;
		};
		EE45623A2CDFC1F300C33920 /* Resources */ = {
			isa = PBXResourcesBuildPhase;
			buildActionMask = 2147483647;
			files = (
			);
			runOnlyForDeploymentPostprocessing = 0;
		};
		EE4562442CDFC1F300C33920 /* Resources */ = {
			isa = PBXResourcesBuildPhase;
			buildActionMask = 2147483647;
			files = (
			);
			runOnlyForDeploymentPostprocessing = 0;
		};
/* End PBXResourcesBuildPhase section */

/* Begin PBXSourcesBuildPhase section */
		EE4562282CDFC1F200C33920 /* Sources */ = {
			isa = PBXSourcesBuildPhase;
			buildActionMask = 2147483647;
			files = (
			);
			runOnlyForDeploymentPostprocessing = 0;
		};
		EE4562382CDFC1F300C33920 /* Sources */ = {
			isa = PBXSourcesBuildPhase;
			buildActionMask = 2147483647;
			files = (
			);
			runOnlyForDeploymentPostprocessing = 0;
		};
		EE4562422CDFC1F300C33920 /* Sources */ = {
			isa = PBXSourcesBuildPhase;
			buildActionMask = 2147483647;
			files = (
			);
			runOnlyForDeploymentPostprocessing = 0;
		};
/* End PBXSourcesBuildPhase section */

/* Begin PBXTargetDependency section */
		EE45623E2CDFC1F300C33920 /* PBXTargetDependency */ = {
			isa = PBXTargetDependency;
			target = EE45622B2CDFC1F200C33920 /* AppAula3 */;
			targetProxy = EE45623D2CDFC1F300C33920 /* PBXContainerItemProxy */;
		};
		EE4562482CDFC1F300C33920 /* PBXTargetDependency */ = {
			isa = PBXTargetDependency;
			target = EE45622B2CDFC1F200C33920 /* AppAula3 */;
			targetProxy = EE4562472CDFC1F300C33920 /* PBXContainerItemProxy */;
		};
/* End PBXTargetDependency section */

/* Begin XCBuildConfiguration section */
		EE45624E2CDFC1F300C33920 /* Debug */ = {
			isa = XCBuildConfiguration;
			buildSettings = {
				ALWAYS_SEARCH_USER_PATHS = NO;
				ASSETCATALOG_COMPILER_GENERATE_SWIFT_ASSET_SYMBOL_EXTENSIONS = YES;
				CLANG_ANALYZER_NONNULL = YES;
				CLANG_ANALYZER_NUMBER_OBJECT_CONVERSION = YES_AGGRESSIVE;
				CLANG_CXX_LANGUAGE_STANDARD = "gnu++20";
				CLANG_ENABLE_MODULES = YES;
				CLANG_ENABLE_OBJC_ARC = YES;
				CLANG_ENABLE_OBJC_WEAK = YES;
				CLANG_WARN_BLOCK_CAPTURE_AUTORELEASING = YES;
				CLANG_WARN_BOOL_CONVERSION = YES;
				CLANG_WARN_COMMA = YES;
				CLANG_WARN_CONSTANT_CONVERSION = YES;
				CLANG_WARN_DEPRECATED_OBJC_IMPLEMENTATIONS = YES;
				CLANG_WARN_DIRECT_OBJC_ISA_USAGE = YES_ERROR;
				CLANG_WARN_DOCUMENTATION_COMMENTS = YES;
				CLANG_WARN_EMPTY_BODY = YES;
				CLANG_WARN_ENUM_CONVERSION = YES;
				CLANG_WARN_INFINITE_RECURSION = YES;
				CLANG_WARN_INT_CONVERSION = YES;
				CLANG_WARN_NON_LITERAL_NULL_CONVERSION = YES;
				CLANG_WARN_OBJC_IMPLICIT_RETAIN_SELF = YES;
				CLANG_WARN_OBJC_LITERAL_CONVERSION = YES;
				CLANG_WARN_OBJC_ROOT_CLASS = YES_ERROR;
				CLANG_WARN_QUOTED_INCLUDE_IN_FRAMEWORK_HEADER = YES;
				CLANG_WARN_RANGE_LOOP_ANALYSIS = YES;
				CLANG_WARN_STRICT_PROTOTYPES = YES;
				CLANG_WARN_SUSPICIOUS_MOVE = YES;
				CLANG_WARN_UNGUARDED_AVAILABILITY = YES_AGGRESSIVE;
				CLANG_WARN_UNREACHABLE_CODE = YES;
				CLANG_WARN__DUPLICATE_METHOD_MATCH = YES;
				COPY_PHASE_STRIP = NO;
				DEBUG_INFORMATION_FORMAT = dwarf;
				ENABLE_STRICT_OBJC_MSGSEND = YES;
				ENABLE_TESTABILITY = YES;
				ENABLE_USER_SCRIPT_SANDBOXING = YES;
				GCC_C_LANGUAGE_STANDARD = gnu17;
				GCC_DYNAMIC_NO_PIC = NO;
				GCC_NO_COMMON_BLOCKS = YES;
				GCC_OPTIMIZATION_LEVEL = 0;
				GCC_PREPROCESSOR_DEFINITIONS = (
					"DEBUG=1",
					"$(inherited)",
				);
				GCC_WARN_64_TO_32_BIT_CONVERSION = YES;
				GCC_WARN_ABOUT_RETURN_TYPE = YES_ERROR;
				GCC_WARN_UNDECLARED_SELECTOR = YES;
				GCC_WARN_UNINITIALIZED_AUTOS = YES_AGGRESSIVE;
				GCC_WARN_UNUSED_FUNCTION = YES;
				GCC_WARN_UNUSED_VARIABLE = YES;
				IPHONEOS_DEPLOYMENT_TARGET = 18.1;
				LOCALIZATION_PREFERS_STRING_CATALOGS = YES;
				MTL_ENABLE_DEBUG_INFO = INCLUDE_SOURCE;
				MTL_FAST_MATH = YES;
				ONLY_ACTIVE_ARCH = YES;
				SDKROOT = iphoneos;
				SWIFT_ACTIVE_COMPILATION_CONDITIONS = "DEBUG $(inherited)";
				SWIFT_OPTIMIZATION_LEVEL = "-Onone";
			};
			name = Debug;
		};
		EE45624F2CDFC1F300C33920 /* Release */ = {
			isa = XCBuildConfiguration;
			buildSettings = {
				ALWAYS_SEARCH_USER_PATHS = NO;
				ASSETCATALOG_COMPILER_GENERATE_SWIFT_ASSET_SYMBOL_EXTENSIONS = YES;
				CLANG_ANALYZER_NONNULL = YES;
				CLANG_ANALYZER_NUMBER_OBJECT_CONVERSION = YES_AGGRESSIVE;
				CLANG_CXX_LANGUAGE_STANDARD = "gnu++20";
				CLANG_ENABLE_MODULES = YES;
				CLANG_ENABLE_OBJC_ARC = YES;
				CLANG_ENABLE_OBJC_WEAK = YES;
				CLANG_WARN_BLOCK_CAPTURE_AUTORELEASING = YES;
				CLANG_WARN_BOOL_CONVERSION = YES;
				CLANG_WARN_COMMA = YES;
				CLANG_WARN_CONSTANT_CONVERSION = YES;
				CLANG_WARN_DEPRECATED_OBJC_IMPLEMENTATIONS = YES;
				CLANG_WARN_DIRECT_OBJC_ISA_USAGE = YES_ERROR;
				CLANG_WARN_DOCUMENTATION_COMMENTS = YES;
				CLANG_WARN_EMPTY_BODY = YES;
				CLANG_WARN_ENUM_CONVERSION = YES;
				CLANG_WARN_INFINITE_RECURSION = YES;
				CLANG_WARN_INT_CONVERSION = YES;
				CLANG_WARN_NON_LITERAL_NULL_CONVERSION = YES;
				CLANG_WARN_OBJC_IMPLICIT_RETAIN_SELF = YES;
				CLANG_WARN_OBJC_LITERAL_CONVERSION = YES;
				CLANG_WARN_OBJC_ROOT_CLASS = YES_ERROR;
				CLANG_WARN_QUOTED_INCLUDE_IN_FRAMEWORK_HEADER = YES;
				CLANG_WARN_RANGE_LOOP_ANALYSIS = YES;
				CLANG_WARN_STRICT_PROTOTYPES = YES;
				CLANG_WARN_SUSPICIOUS_MOVE = YES;
				CLANG_WARN_UNGUARDED_AVAILABILITY = YES_AGGRESSIVE;
				CLANG_WARN_UNREACHABLE_CODE = YES;
				CLANG_WARN__DUPLICATE_METHOD_MATCH = YES;
				COPY_PHASE_STRIP = NO;
				DEBUG_INFORMATION_FORMAT = "dwarf-with-dsym";
				ENABLE_NS_ASSERTIONS = NO;
				ENABLE_STRICT_OBJC_MSGSEND = YES;
				ENABLE_USER_SCRIPT_SANDBOXING = YES;
				GCC_C_LANGUAGE_STANDARD = gnu17;
				GCC_NO_COMMON_BLOCKS = YES;
				GCC_WARN_64_TO_32_BIT_CONVERSION = YES;
				GCC_WARN_ABOUT_RETURN_TYPE = YES_ERROR;
				GCC_WARN_UNDECLARED_SELECTOR = YES;
				GCC_WARN_UNINITIALIZED_AUTOS = YES_AGGRESSIVE;
				GCC_WARN_UNUSED_FUNCTION = YES;
				GCC_WARN_UNUSED_VARIABLE = YES;
				IPHONEOS_DEPLOYMENT_TARGET = 18.1;
				LOCALIZATION_PREFERS_STRING_CATALOGS = YES;
				MTL_ENABLE_DEBUG_INFO = NO;
				MTL_FAST_MATH = YES;
				SDKROOT = iphoneos;
				SWIFT_COMPILATION_MODE = wholemodule;
				VALIDATE_PRODUCT = YES;
			};
			name = Release;
		};
		EE4562512CDFC1F300C33920 /* Debug */ = {
			isa = XCBuildConfiguration;
			buildSettings = {
				ASSETCATALOG_COMPILER_APPICON_NAME = AppIcon;
				ASSETCATALOG_COMPILER_GLOBAL_ACCENT_COLOR_NAME = AccentColor;
				CODE_SIGN_STYLE = Automatic;
				CURRENT_PROJECT_VERSION = 1;
				DEVELOPMENT_ASSET_PATHS = "\"AppAula3/Preview Content\"";
				ENABLE_PREVIEWS = YES;
				GENERATE_INFOPLIST_FILE = YES;
				INFOPLIST_KEY_UIApplicationSceneManifest_Generation = YES;
				INFOPLIST_KEY_UIApplicationSupportsIndirectInputEvents = YES;
				INFOPLIST_KEY_UILaunchScreen_Generation = YES;
				INFOPLIST_KEY_UISupportedInterfaceOrientations_iPad = "UIInterfaceOrientationPortrait UIInterfaceOrientationPortraitUpsideDown UIInterfaceOrientationLandscapeLeft UIInterfaceOrientationLandscapeRight";
				INFOPLIST_KEY_UISupportedInterfaceOrientations_iPhone = "UIInterfaceOrientationPortrait UIInterfaceOrientationLandscapeLeft UIInterfaceOrientationLandscapeRight";
				LD_RUNPATH_SEARCH_PATHS = (
					"$(inherited)",
					"@executable_path/Frameworks",
				);
				MARKETING_VERSION = 1.0;
				PRODUCT_BUNDLE_IDENTIFIER = "Lucas-Resende.AppAula3";
				PRODUCT_NAME = "$(TARGET_NAME)";
				SWIFT_EMIT_LOC_STRINGS = YES;
				SWIFT_VERSION = 5.0;
				TARGETED_DEVICE_FAMILY = "1,2";
			};
			name = Debug;
		};
		EE4562522CDFC1F300C33920 /* Release */ = {
			isa = XCBuildConfiguration;
			buildSettings = {
				ASSETCATALOG_COMPILER_APPICON_NAME = AppIcon;
				ASSETCATALOG_COMPILER_GLOBAL_ACCENT_COLOR_NAME = AccentColor;
				CODE_SIGN_STYLE = Automatic;
				CURRENT_PROJECT_VERSION = 1;
				DEVELOPMENT_ASSET_PATHS = "\"AppAula3/Preview Content\"";
				ENABLE_PREVIEWS = YES;
				GENERATE_INFOPLIST_FILE = YES;
				INFOPLIST_KEY_UIApplicationSceneManifest_Generation = YES;
				INFOPLIST_KEY_UIApplicationSupportsIndirectInputEvents = YES;
				INFOPLIST_KEY_UILaunchScreen_Generation = YES;
				INFOPLIST_KEY_UISupportedInterfaceOrientations_iPad = "UIInterfaceOrientationPortrait UIInterfaceOrientationPortraitUpsideDown UIInterfaceOrientationLandscapeLeft UIInterfaceOrientationLandscapeRight";
				INFOPLIST_KEY_UISupportedInterfaceOrientations_iPhone = "UIInterfaceOrientationPortrait UIInterfaceOrientationLandscapeLeft UIInterfaceOrientationLandscapeRight";
				LD_RUNPATH_SEARCH_PATHS = (
					"$(inherited)",
					"@executable_path/Frameworks",
				);
				MARKETING_VERSION = 1.0;
				PRODUCT_BUNDLE_IDENTIFIER = "Lucas-Resende.AppAula3";
				PRODUCT_NAME = "$(TARGET_NAME)";
				SWIFT_EMIT_LOC_STRINGS = YES;
				SWIFT_VERSION = 5.0;
				TARGETED_DEVICE_FAMILY = "1,2";
			};
			name = Release;
		};
		EE4562542CDFC1F300C33920 /* Debug */ = {
			isa = XCBuildConfiguration;
			buildSettings = {
				BUNDLE_LOADER = "$(TEST_HOST)";
				CODE_SIGN_STYLE = Automatic;
				CURRENT_PROJECT_VERSION = 1;
				GENERATE_INFOPLIST_FILE = YES;
				IPHONEOS_DEPLOYMENT_TARGET = 18.1;
				MARKETING_VERSION = 1.0;
				PRODUCT_BUNDLE_IDENTIFIER = "Lucas-Resende.AppAula3Tests";
				PRODUCT_NAME = "$(TARGET_NAME)";
				SWIFT_EMIT_LOC_STRINGS = NO;
				SWIFT_VERSION = 5.0;
				TARGETED_DEVICE_FAMILY = "1,2";
				TEST_HOST = "$(BUILT_PRODUCTS_DIR)/AppAula3.app/$(BUNDLE_EXECUTABLE_FOLDER_PATH)/AppAula3";
			};
			name = Debug;
		};
		EE4562552CDFC1F300C33920 /* Release */ = {
			isa = XCBuildConfiguration;
			buildSettings = {
				BUNDLE_LOADER = "$(TEST_HOST)";
				CODE_SIGN_STYLE = Automatic;
				CURRENT_PROJECT_VERSION = 1;
				GENERATE_INFOPLIST_FILE = YES;
				IPHONEOS_DEPLOYMENT_TARGET = 18.1;
				MARKETING_VERSION = 1.0;
				PRODUCT_BUNDLE_IDENTIFIER = "Lucas-Resende.AppAula3Tests";
				PRODUCT_NAME = "$(TARGET_NAME)";
				SWIFT_EMIT_LOC_STRINGS = NO;
				SWIFT_VERSION = 5.0;
				TARGETED_DEVICE_FAMILY = "1,2";
				TEST_HOST = "$(BUILT_PRODUCTS_DIR)/AppAula3.app/$(BUNDLE_EXECUTABLE_FOLDER_PATH)/AppAula3";
			};
			name = Release;
		};
		EE4562572CDFC1F300C33920 /* Debug */ = {
			isa = XCBuildConfiguration;
			buildSettings = {
				CODE_SIGN_STYLE = Automatic;
				CURRENT_PROJECT_VERSION = 1;
				GENERATE_INFOPLIST_FILE = YES;
				MARKETING_VERSION = 1.0;
				PRODUCT_BUNDLE_IDENTIFIER = "Lucas-Resende.AppAula3UITests";
				PRODUCT_NAME = "$(TARGET_NAME)";
				SWIFT_EMIT_LOC_STRINGS = NO;
				SWIFT_VERSION = 5.0;
				TARGETED_DEVICE_FAMILY = "1,2";
				TEST_TARGET_NAME = AppAula3;
			};
			name = Debug;
		};
		EE4562582CDFC1F300C33920 /* Release */ = {
			isa = XCBuildConfiguration;
			buildSettings = {
				CODE_SIGN_STYLE = Automatic;
				CURRENT_PROJECT_VERSION = 1;
				GENERATE_INFOPLIST_FILE = YES;
				MARKETING_VERSION = 1.0;
				PRODUCT_BUNDLE_IDENTIFIER = "Lucas-Resende.AppAula3UITests";
				PRODUCT_NAME = "$(TARGET_NAME)";
				SWIFT_EMIT_LOC_STRINGS = NO;
				SWIFT_VERSION = 5.0;
				TARGETED_DEVICE_FAMILY = "1,2";
				TEST_TARGET_NAME = AppAula3;
			};
			name = Release;
		};
/* End XCBuildConfiguration section */

/* Begin XCConfigurationList section */
		EE4562272CDFC1F200C33920 /* Build configuration list for PBXProject "AppAula3" */ = {
			isa = XCConfigurationList;
			buildConfigurations = (
				EE45624E2CDFC1F300C33920 /* Debug */,
				EE45624F2CDFC1F300C33920 /* Release */,
			);
			defaultConfigurationIsVisible = 0;
			defaultConfigurationName = Release;
		};
		EE4562502CDFC1F300C33920 /* Build configuration list for PBXNativeTarget "AppAula3" */ = {
			isa = XCConfigurationList;
			buildConfigurations = (
				EE4562512CDFC1F300C33920 /* Debug */,
				EE4562522CDFC1F300C33920 /* Release */,
			);
			defaultConfigurationIsVisible = 0;
			defaultConfigurationName = Release;
		};
		EE4562532CDFC1F300C33920 /* Build configuration list for PBXNativeTarget "AppAula3Tests" */ = {
			isa = XCConfigurationList;
			buildConfigurations = (
				EE4562542CDFC1F300C33920 /* Debug */,
				EE4562552CDFC1F300C33920 /* Release */,
			);
			defaultConfigurationIsVisible = 0;
			defaultConfigurationName = Release;
		};
		EE4562562CDFC1F300C33920 /* Build configuration list for PBXNativeTarget "AppAula3UITests" */ = {
			isa = XCConfigurationList;
			buildConfigurations = (
				EE4562572CDFC1F300C33920 /* Debug */,
				EE4562582CDFC1F300C33920 /* Release */,
			);
			defaultConfigurationIsVisible = 0;
			defaultConfigurationName = Release;
		};
/* End XCConfigurationList section */

/* Begin XCRemoteSwiftPackageReference section */
		EE8574182CF2421300909E1A /* XCRemoteSwiftPackageReference "Alamofire" */ = {
			isa = XCRemoteSwiftPackageReference;
			repositoryURL = "https://github.com/Alamofire/Alamofire";
			requirement = {
				kind = upToNextMajorVersion;
				minimumVersion = 5.10.1;
			};
		};
/* End XCRemoteSwiftPackageReference section */

/* Begin XCSwiftPackageProductDependency section */
		EE8574192CF242D100909E1A /* Alamofire */ = {
			isa = XCSwiftPackageProductDependency;
			package = EE8574182CF2421300909E1A /* XCRemoteSwiftPackageReference "Alamofire" */;
			productName = Alamofire;
		};
/* End XCSwiftPackageProductDependency section */
	};
	rootObject = EE4562242CDFC1F200C33920 /* Project object */;
}
